
Microsoft Visual Studio Solution File, Format Version 12.00
# Visual Studio Version 17
VisualStudioVersion = 17.14.36221.1
MinimumVisualStudioVersion = 10.0.40219.1
Project("{FAE04EC0-301F-11D3-BF4B-00C04F79EFBC}") = "VirtualFido", "VirtualFido\VirtualFido.csproj", "{77D0347A-BE3F-4E45-8E27-EEBF5729F6AB}"
EndProject
Project("{FAE04EC0-301F-11D3-BF4B-00C04F79EFBC}") = "VirtualFido.Tests", "VirtualFido.Tests\VirtualFido.Tests.csproj", "{7C2C8A78-5AAD-4D7D-A0C9-25AC43FC95C8}"
EndProject
Project("{FAE04EC0-301F-11D3-BF4B-00C04F79EFBC}") = "VFido.Core", "VFido.Core\VFido.Core.csproj", "{44F16C7F-BD91-47B5-A02C-D3C0309D6BA2}"
EndProject
Global
	GlobalSection(SolutionConfigurationPlatforms) = preSolution
		Debug|Any CPU = Debug|Any CPU
		Debug|x64 = Debug|x64
		Debug|x86 = Debug|x86
		Release|Any CPU = Release|Any CPU
		Release|x64 = Release|x64
		Release|x86 = Release|x86
	EndGlobalSection
	GlobalSection(ProjectConfigurationPlatforms) = postSolution
		{77D0347A-BE3F-4E45-8E27-EEBF5729F6AB}.Debug|Any CPU.ActiveCfg = Debug|Any CPU
		{77D0347A-BE3F-4E45-8E27-EEBF5729F6AB}.Debug|Any CPU.Build.0 = Debug|Any CPU
		{77D0347A-BE3F-4E45-8E27-EEBF5729F6AB}.Debug|x64.ActiveCfg = Debug|Any CPU
		{77D0347A-BE3F-4E45-8E27-EEBF5729F6AB}.Debug|x64.Build.0 = Debug|Any CPU
		{77D0347A-BE3F-4E45-8E27-EEBF5729F6AB}.Debug|x86.ActiveCfg = Debug|Any CPU
		{77D0347A-BE3F-4E45-8E27-EEBF5729F6AB}.Debug|x86.Build.0 = Debug|Any CPU
		{77D0347A-BE3F-4E45-8E27-EEBF5729F6AB}.Release|Any CPU.ActiveCfg = Release|Any CPU
		{77D0347A-BE3F-4E45-8E27-EEBF5729F6AB}.Release|Any CPU.Build.0 = Release|Any CPU
		{77D0347A-BE3F-4E45-8E27-EEBF5729F6AB}.Release|x64.ActiveCfg = Release|Any CPU
		{77D0347A-BE3F-4E45-8E27-EEBF5729F6AB}.Release|x64.Build.0 = Release|Any CPU
		{77D0347A-BE3F-4E45-8E27-EEBF5729F6AB}.Release|x86.ActiveCfg = Release|Any CPU
		{77D0347A-BE3F-4E45-8E27-EEBF5729F6AB}.Release|x86.Build.0 = Release|Any CPU
		{7C2C8A78-5AAD-4D7D-A0C9-25AC43FC95C8}.Debug|Any CPU.ActiveCfg = Debug|Any CPU
		{7C2C8A78-5AAD-4D7D-A0C9-25AC43FC95C8}.Debug|Any CPU.Build.0 = Debug|Any CPU
		{7C2C8A78-5AAD-4D7D-A0C9-25AC43FC95C8}.Debug|x64.ActiveCfg = Debug|Any CPU
		{7C2C8A78-5AAD-4D7D-A0C9-25AC43FC95C8}.Debug|x64.Build.0 = Debug|Any CPU
		{7C2C8A78-5AAD-4D7D-A0C9-25AC43FC95C8}.Debug|x86.ActiveCfg = Debug|Any CPU
		{7C2C8A78-5AAD-4D7D-A0C9-25AC43FC95C8}.Debug|x86.Build.0 = Debug|Any CPU
		{7C2C8A78-5AAD-4D7D-A0C9-25AC43FC95C8}.Release|Any CPU.ActiveCfg = Release|Any CPU
		{7C2C8A78-5AAD-4D7D-A0C9-25AC43FC95C8}.Release|Any CPU.Build.0 = Release|Any CPU
		{7C2C8A78-5AAD-4D7D-A0C9-25AC43FC95C8}.Release|x64.ActiveCfg = Release|Any CPU
		{7C2C8A78-5AAD-4D7D-A0C9-25AC43FC95C8}.Release|x64.Build.0 = Release|Any CPU
		{7C2C8A78-5AAD-4D7D-A0C9-25AC43FC95C8}.Release|x86.ActiveCfg = Release|Any CPU
		{7C2C8A78-5AAD-4D7D-A0C9-25AC43FC95C8}.Release|x86.Build.0 = Release|Any CPU
		{44F16C7F-BD91-47B5-A02C-D3C0309D6BA2}.Debug|Any CPU.ActiveCfg = Debug|Any CPU
		{44F16C7F-BD91-47B5-A02C-D3C0309D6BA2}.Debug|Any CPU.Build.0 = Debug|Any CPU
		{44F16C7F-BD91-47B5-A02C-D3C0309D6BA2}.Debug|x64.ActiveCfg = Debug|Any CPU
		{44F16C7F-BD91-47B5-A02C-D3C0309D6BA2}.Debug|x64.Build.0 = Debug|Any CPU
		{44F16C7F-BD91-47B5-A02C-D3C0309D6BA2}.Debug|x86.ActiveCfg = Debug|Any CPU
		{44F16C7F-BD91-47B5-A02C-D3C0309D6BA2}.Debug|x86.Build.0 = Debug|Any CPU
		{44F16C7F-BD91-47B5-A02C-D3C0309D6BA2}.Release|Any CPU.ActiveCfg = Release|Any CPU
		{44F16C7F-BD91-47B5-A02C-D3C0309D6BA2}.Release|Any CPU.Build.0 = Release|Any CPU
		{44F16C7F-BD91-47B5-A02C-D3C0309D6BA2}.Release|x64.ActiveCfg = Release|Any CPU
		{44F16C7F-BD91-47B5-A02C-D3C0309D6BA2}.Release|x64.Build.0 = Release|Any CPU
		{44F16C7F-BD91-47B5-A02C-D3C0309D6BA2}.Release|x86.ActiveCfg = Release|Any CPU
		{44F16C7F-BD91-47B5-A02C-D3C0309D6BA2}.Release|x86.Build.0 = Release|Any CPU
	EndGlobalSection
	GlobalSection(SolutionProperties) = preSolution
		HideSolutionNode = FALSE
	EndGlobalSection
	GlobalSection(ExtensibilityGlobals) = postSolution
		SolutionGuid = {8BAE1890-2BA9-425C-943E-815561BC87F1}
	EndGlobalSection
EndGlobal
